<?xml version="1.0" encoding="utf-8"?>
<Project ToolsVersion="4.0" xmlns="http://schemas.microsoft.com/developer/msbuild/2003">
  <ItemGroup>
    <Filter Include="단위 시험">
      <UniqueIdentifier>{adc555dd-0edb-4ff7-8571-670519f14f37}</UniqueIdentifier>
      <Extensions>cpp</Extensions>
    </Filter>
    <Filter Include="하네스">
      <UniqueIdentifier>{83d9bbe5-8f8b-4877-8c57-7e5bbe702841}</UniqueIdentifier>
      <Extensions>h;hpp;cpp</Extensions>
    </Filter>
    <Filter Include="third_party">
      <UniqueIdentifier>{5a35ea12-04ec-4fef-b2fd-c33ee9450196}</UniqueIdentifier>
      <Extensions>cpp;hpp</Extensions>
    </Filter>
    <Filter Include="플랫폼">
      <UniqueIdentifier>{6b0c8f2a-4f1d-49a7-9a9c-2d3e5f7a1b64}</UniqueIdentifier>
      <Extensions>h;hpp;cpp</Extensions>
    </Filter>
  </ItemGroup>
  <ItemGroup>
    <ClInclude Include="harness\include\pynote\harness\directwrite_imm32_p1_probe.h">
      <Filter>하네스</Filter>
    </ClInclude>
    <ClInclude Include="harness\include\pynote\harness\p2_card_list_prototype.h">
      <Filter>하네스</Filter>
    </ClInclude>
    <ClInclude Include="harness\include\pynote\harness\rich_edit_p1_probe.h">
      <Filter>하네스</Filter>
    </ClInclude>
    <ClInclude Include="harness\include\pynote\harness\win32_harness.h">
      <Filter>하네스</Filter>
    </ClInclude>
    <ClInclude Include="unit\backup_test_support.h">
      <Filter>단위 시험</Filter>
    </ClInclude>
    <ClInclude Include="..\platform\include\pynote\platform\win32_file_system.h">
      <Filter>플랫폼</Filter>
    </ClInclude>
    <ClInclude Include="..\platform\include\pynote\platform\win32_import_support.h">
      <Filter>플랫폼</Filter>
    </ClInclude>
    <ClInclude Include="..\platform\include\pynote\platform\win32_time_zone_resolver.h">
      <Filter>플랫폼</Filter>
    </ClInclude>
  </ItemGroup>
  <ItemGroup>
    <ClCompile Include="unit\utf16_offset_test.cpp">
      <Filter>단위 시험</Filter>
    </ClCompile>
    <ClCompile Include="unit\database_test.cpp">
      <Filter>단위 시험</Filter>
    </ClCompile>
    <ClCompile Include="unit\migration_runner_test.cpp">
      <Filter>단위 시험</Filter>
    </ClCompile>
    <ClCompile Include="unit\migration_v0001_test.cpp">
      <Filter>단위 시험</Filter>
    </ClCompile>
    <ClCompile Include="unit\migration_v0002_v0009_test.cpp">
      <Filter>단위 시험</Filter>
    </ClCompile>
    <ClCompile Include="unit\migration_parity_emit.cpp">
      <Filter>단위 시험</Filter>
    </ClCompile>
    <ClCompile Include="unit\connection_pragma_emit.cpp">
      <Filter>단위 시험</Filter>
    </ClCompile>
    <ClCompile Include="unit\domain_types_test.cpp">
      <Filter>단위 시험</Filter>
    </ClCompile>
    <ClCompile Include="unit\date_time_formatter_test.cpp">
      <Filter>단위 시험</Filter>
    </ClCompile>
    <ClCompile Include="unit\time_zone_resolver_test.cpp">
      <Filter>단위 시험</Filter>
    </ClCompile>
    <ClCompile Include="unit\search_result_plan_test.cpp">
      <Filter>단위 시험</Filter>
    </ClCompile>
    <ClCompile Include="unit\draft_coordinator_core_test.cpp">
      <Filter>단위 시험</Filter>
    </ClCompile>
    <ClCompile Include="unit\save_coordinator_core_test.cpp">
      <Filter>단위 시험</Filter>
    </ClCompile>
    <ClCompile Include="unit\paragraph_parser_test.cpp">
      <Filter>단위 시험</Filter>
    </ClCompile>
    <ClCompile Include="unit\card_service_test.cpp">
      <Filter>단위 시험</Filter>
    </ClCompile>
    <ClCompile Include="unit\import_pipeline_test.cpp">
      <Filter>단위 시험</Filter>
    </ClCompile>
    <ClCompile Include="unit\diffing_test.cpp">
      <Filter>단위 시험</Filter>
    </ClCompile>
    <ClCompile Include="unit\export_test.cpp">
      <Filter>단위 시험</Filter>
    </ClCompile>
    <ClCompile Include="unit\card_list_projection_test.cpp">
      <Filter>단위 시험</Filter>
    </ClCompile>
    <ClCompile Include="unit\card_selection_drag_test.cpp">
      <Filter>단위 시험</Filter>
    </ClCompile>
    <ClCompile Include="unit\card_wheel_browse_test.cpp">
      <Filter>단위 시험</Filter>
    </ClCompile>
    <ClCompile Include="unit\drop_import_plan_test.cpp">
      <Filter>단위 시험</Filter>
    </ClCompile>
    <ClCompile Include="unit\drop_import_completion_test.cpp">
      <Filter>단위 시험</Filter>
    </ClCompile>
    <ClCompile Include="unit\first_input_capture_test.cpp">
      <Filter>단위 시험</Filter>
    </ClCompile>
    <ClCompile Include="unit\first_input_recovery_test.cpp">
      <Filter>단위 시험</Filter>
    </ClCompile>
    <ClCompile Include="unit\first_input_delivery_test.cpp">
      <Filter>단위 시험</Filter>
    </ClCompile>
    <ClCompile Include="unit\workspace_state_test.cpp">
      <Filter>단위 시험</Filter>
    </ClCompile>
    <ClCompile Include="unit\repositories_test.cpp">
      <Filter>단위 시험</Filter>
    </ClCompile>
    <ClCompile Include="unit\repositories_cas_test.cpp">
      <Filter>단위 시험</Filter>
    </ClCompile>
    <ClCompile Include="unit\backup_inspection_test.cpp">
      <Filter>단위 시험</Filter>
    </ClCompile>
    <ClCompile Include="unit\backup_create_test.cpp">
      <Filter>단위 시험</Filter>
    </ClCompile>
    <ClCompile Include="unit\backup_restore_test.cpp">
      <Filter>단위 시험</Filter>
    </ClCompile>
    <ClCompile Include="unit\backup_split_test.cpp">
      <Filter>단위 시험</Filter>
    </ClCompile>
    <ClCompile Include="..\platform\src\win32_file_system.cpp">
      <Filter>플랫폼</Filter>
    </ClCompile>
    <ClCompile Include="..\platform\src\win32_import_support.cpp">
      <Filter>플랫폼</Filter>
    </ClCompile>
    <ClCompile Include="..\platform\src\win32_time_zone_resolver.cpp">
      <Filter>플랫폼</Filter>
    </ClCompile>
    <ClCompile Include="harness\src\win32_harness.cpp">
      <Filter>하네스</Filter>
    </ClCompile>
    <ClCompile Include="harness\src\harness_smoke_test.cpp">
      <Filter>하네스</Filter>
    </ClCompile>
    <ClCompile Include="harness\src\directwrite_imm32_p1_probe.cpp">
      <Filter>하네스</Filter>
    </ClCompile>
    <ClCompile Include="harness\src\directwrite_imm32_p1_probe_test.cpp">
      <Filter>하네스</Filter>
    </ClCompile>
    <ClCompile Include="harness\src\p2_card_list_prototype.cpp">
      <Filter>하네스</Filter>
    </ClCompile>
    <ClCompile Include="harness\src\p2_card_list_test.cpp">
      <Filter>하네스</Filter>
    </ClCompile>
    <ClCompile Include="harness\src\rich_edit_p1_probe.cpp">
      <Filter>하네스</Filter>
    </ClCompile>
    <ClCompile Include="harness\src\rich_edit_p1_probe_test.cpp">
      <Filter>하네스</Filter>
    </ClCompile>
    <ClCompile Include="..\third_party\catch2\catch_amalgamated.cpp">
      <Filter>third_party</Filter>
    </ClCompile>
  </ItemGroup>
</Project>
