<?xml version="1.0" encoding="utf-8"?>
<Project ToolsVersion="4.0" xmlns="http://schemas.microsoft.com/developer/msbuild/2003">
  <ItemGroup>
    <Filter Include="텍스트">
      <UniqueIdentifier>{76849084-e90d-4e38-a6be-faec880eaf96}</UniqueIdentifier>
      <Extensions>h;hpp;cpp</Extensions>
    </Filter>
    <Filter Include="저장">
      <UniqueIdentifier>{1e5614fa-1a0c-48b1-a210-0775366678d4}</UniqueIdentifier>
      <Extensions>h;hpp;cpp</Extensions>
    </Filter>
  </ItemGroup>
  <ItemGroup>
    <ClInclude Include="include\pynote\core\text\utf16_offset.h">
      <Filter>텍스트</Filter>
    </ClInclude>
    <ClInclude Include="include\pynote\core\storage\database.h">
      <Filter>저장</Filter>
    </ClInclude>
    <ClInclude Include="include\pynote\core\storage\migration_runner.h">
      <Filter>저장</Filter>
    </ClInclude>
    <ClInclude Include="include\pynote\core\storage\migrations\registry.h">
      <Filter>저장</Filter>
    </ClInclude>
    <ClInclude Include="include\pynote\core\storage\migrations\v0001_initial.h">
      <Filter>저장</Filter>
    </ClInclude>
    <ClInclude Include="include\pynote\core\storage\migrations\v0002_data_policy_settings.h">
      <Filter>저장</Filter>
    </ClInclude>
    <ClInclude Include="include\pynote\core\storage\migrations\v0003_storage_invariants.h">
      <Filter>저장</Filter>
    </ClInclude>
    <ClInclude Include="include\pynote\core\storage\migrations\v0004_workspace_windows.h">
      <Filter>저장</Filter>
    </ClInclude>
    <ClInclude Include="include\pynote\core\storage\migrations\v0005_recency_sort_mode.h">
      <Filter>저장</Filter>
    </ClInclude>
    <ClInclude Include="include\pynote\core\storage\migrations\v0006_editor_split_sizes.h">
      <Filter>저장</Filter>
    </ClInclude>
    <ClInclude Include="include\pynote\core\storage\migrations\v0007_vertical_split_reset.h">
      <Filter>저장</Filter>
    </ClInclude>
    <ClInclude Include="include\pynote\core\storage\migrations\v0008_horizontal_split_reset.h">
      <Filter>저장</Filter>
    </ClInclude>
    <ClInclude Include="include\pynote\core\storage\migrations\v0009_preview_lines_default.h">
      <Filter>저장</Filter>
    </ClInclude>
  </ItemGroup>
  <ItemGroup>
    <ClCompile Include="src\text\utf16_offset.cpp">
      <Filter>텍스트</Filter>
    </ClCompile>
    <ClCompile Include="src\storage\database.cpp">
      <Filter>저장</Filter>
    </ClCompile>
    <ClCompile Include="src\storage\migration_runner.cpp">
      <Filter>저장</Filter>
    </ClCompile>
    <ClCompile Include="src\storage\migrations\registry.cpp">
      <Filter>저장</Filter>
    </ClCompile>
    <ClCompile Include="src\storage\migrations\v0001_initial.cpp">
      <Filter>저장</Filter>
    </ClCompile>
    <ClCompile Include="src\storage\migrations\v0002_data_policy_settings.cpp">
      <Filter>저장</Filter>
    </ClCompile>
    <ClCompile Include="src\storage\migrations\v0003_storage_invariants.cpp">
      <Filter>저장</Filter>
    </ClCompile>
    <ClCompile Include="src\storage\migrations\v0004_workspace_windows.cpp">
      <Filter>저장</Filter>
    </ClCompile>
    <ClCompile Include="src\storage\migrations\v0005_recency_sort_mode.cpp">
      <Filter>저장</Filter>
    </ClCompile>
    <ClCompile Include="src\storage\migrations\v0006_editor_split_sizes.cpp">
      <Filter>저장</Filter>
    </ClCompile>
    <ClCompile Include="src\storage\migrations\v0007_vertical_split_reset.cpp">
      <Filter>저장</Filter>
    </ClCompile>
    <ClCompile Include="src\storage\migrations\v0008_horizontal_split_reset.cpp">
      <Filter>저장</Filter>
    </ClCompile>
    <ClCompile Include="src\storage\migrations\v0009_preview_lines_default.cpp">
      <Filter>저장</Filter>
    </ClCompile>
  </ItemGroup>
</Project>
