<?xml version="1.0" encoding="utf-8"?>
<Project ToolsVersion="4.0" xmlns="http://schemas.microsoft.com/developer/msbuild/2003">
  <ItemGroup>
    <Filter Include="텍스트">
      <UniqueIdentifier>{76849084-e90d-4e38-a6be-faec880eaf96}</UniqueIdentifier>
      <Extensions>h;hpp;cpp</Extensions>
    </Filter>
    <Filter Include="저장">
      <UniqueIdentifier>{1e5614fa-1a0c-48b1-a210-0775366678d4}</UniqueIdentifier>
      <Extensions>h;hpp;cpp</Extensions>
    </Filter>
    <Filter Include="도메인">
      <UniqueIdentifier>{98555e6d-54d1-48b7-9f06-f0955d284c6b}</UniqueIdentifier>
      <Extensions>h;hpp;cpp</Extensions>
    </Filter>
    <Filter Include="응용">
      <UniqueIdentifier>{f6fd262c-1709-47fc-8cb0-d721531b39e0}</UniqueIdentifier>
      <Extensions>h;hpp;cpp</Extensions>
    </Filter>
    <Filter Include="third_party">
      <UniqueIdentifier>{cb8918b2-627f-4af9-9fef-19f108531c67}</UniqueIdentifier>
      <Extensions>h;cc;inc</Extensions>
    </Filter>
  </ItemGroup>
  <ItemGroup>
    <ClInclude Include="include\pynote\core\text\utf16_offset.h">
      <Filter>텍스트</Filter>
    </ClInclude>
    <ClInclude Include="include\pynote\core\domain\events.h">
      <Filter>도메인</Filter>
    </ClInclude>
    <ClInclude Include="include\pynote\core\domain\models.h">
      <Filter>도메인</Filter>
    </ClInclude>
    <ClInclude Include="include\pynote\core\domain\date_time_formatter.h">
      <Filter>도메인</Filter>
    </ClInclude>
    <ClInclude Include="include\pynote\core\domain\time_zone_resolver.h">
      <Filter>도메인</Filter>
    </ClInclude>
    <ClInclude Include="include\pynote\core\domain\paragraph_parser.h">
      <Filter>도메인</Filter>
    </ClInclude>
    <ClInclude Include="include\pynote\core\domain\diffing.h">
      <Filter>도메인</Filter>
    </ClInclude>
    <ClInclude Include="include\pynote\core\domain\card_list_projection.h">
      <Filter>도메인</Filter>
    </ClInclude>
    <ClInclude Include="include\pynote\core\domain\card_drag_session_registry.h">
      <Filter>도메인</Filter>
    </ClInclude>
    <ClInclude Include="include\pynote\core\domain\card_wheel_browse.h">
      <Filter>도메인</Filter>
    </ClInclude>
    <ClInclude Include="include\pynote\core\application\card_service.h">
      <Filter>응용</Filter>
    </ClInclude>
    <ClInclude Include="include\pynote\core\application\import_pipeline.h">
      <Filter>응용</Filter>
    </ClInclude>
    <ClInclude Include="include\pynote\core\application\export.h">
      <Filter>응용</Filter>
    </ClInclude>
    <ClInclude Include="include\pynote\core\application\drop_import_plan.h">
      <Filter>응용</Filter>
    </ClInclude>
    <ClInclude Include="include\pynote\core\application\drop_import_completion.h">
      <Filter>응용</Filter>
    </ClInclude>
    <ClInclude Include="include\pynote\core\application\first_input_capture.h">
      <Filter>응용</Filter>
    </ClInclude>
    <ClInclude Include="include\pynote\core\application\workspace_state.h">
      <Filter>응용</Filter>
    </ClInclude>
    <ClInclude Include="include\pynote\core\application\search_result_plan.h">
      <Filter>응용</Filter>
    </ClInclude>
    <ClInclude Include="include\pynote\core\application\draft_coordinator.h">
      <Filter>응용</Filter>
    </ClInclude>
    <ClInclude Include="src\application\python_casefold_15_1.inc">
      <Filter>응용</Filter>
    </ClInclude>
    <ClInclude Include="src\domain\enum_spelling.h">
      <Filter>도메인</Filter>
    </ClInclude>
    <ClInclude Include="src\domain\bundled_tzdata_2026c.h"><Filter>도메인</Filter></ClInclude>
    <ClInclude Include="src\domain\bundled_tzdata_2026c.inc"><Filter>도메인</Filter></ClInclude>
    <ClInclude Include="..\third_party\cctz\include\cctz\civil_time.h"><Filter>third_party</Filter></ClInclude>
    <ClInclude Include="..\third_party\cctz\include\cctz\civil_time_detail.h"><Filter>third_party</Filter></ClInclude>
    <ClInclude Include="..\third_party\cctz\include\cctz\time_zone.h"><Filter>third_party</Filter></ClInclude>
    <ClInclude Include="..\third_party\cctz\include\cctz\zone_info_source.h"><Filter>third_party</Filter></ClInclude>
    <ClInclude Include="..\third_party\cctz\src\time_zone_fixed.h"><Filter>third_party</Filter></ClInclude>
    <ClInclude Include="..\third_party\cctz\src\time_zone_if.h"><Filter>third_party</Filter></ClInclude>
    <ClInclude Include="..\third_party\cctz\src\time_zone_impl.h"><Filter>third_party</Filter></ClInclude>
    <ClInclude Include="..\third_party\cctz\src\time_zone_info.h"><Filter>third_party</Filter></ClInclude>
    <ClInclude Include="..\third_party\cctz\src\time_zone_libc.h"><Filter>third_party</Filter></ClInclude>
    <ClInclude Include="..\third_party\cctz\src\time_zone_posix.h"><Filter>third_party</Filter></ClInclude>
    <ClInclude Include="..\third_party\cctz\src\tzfile.h"><Filter>third_party</Filter></ClInclude>
    <ClInclude Include="include\pynote\core\storage\repositories.h">
      <Filter>저장</Filter>
    </ClInclude>
    <ClInclude Include="include\pynote\core\storage\database.h">
      <Filter>저장</Filter>
    </ClInclude>
    <ClInclude Include="include\pynote\core\storage\migration_runner.h">
      <Filter>저장</Filter>
    </ClInclude>
    <ClInclude Include="include\pynote\core\storage\migrations\registry.h">
      <Filter>저장</Filter>
    </ClInclude>
    <ClInclude Include="include\pynote\core\storage\file_system.h">
      <Filter>저장</Filter>
    </ClInclude>
    <ClInclude Include="include\pynote\core\storage\backup.h">
      <Filter>저장</Filter>
    </ClInclude>
    <ClInclude Include="include\pynote\core\storage\migrations\v0001_initial.h">
      <Filter>저장</Filter>
    </ClInclude>
    <ClInclude Include="include\pynote\core\storage\migrations\v0002_data_policy_settings.h">
      <Filter>저장</Filter>
    </ClInclude>
    <ClInclude Include="include\pynote\core\storage\migrations\v0003_storage_invariants.h">
      <Filter>저장</Filter>
    </ClInclude>
    <ClInclude Include="include\pynote\core\storage\migrations\v0004_workspace_windows.h">
      <Filter>저장</Filter>
    </ClInclude>
    <ClInclude Include="include\pynote\core\storage\migrations\v0005_recency_sort_mode.h">
      <Filter>저장</Filter>
    </ClInclude>
    <ClInclude Include="include\pynote\core\storage\migrations\v0006_editor_split_sizes.h">
      <Filter>저장</Filter>
    </ClInclude>
    <ClInclude Include="include\pynote\core\storage\migrations\v0007_vertical_split_reset.h">
      <Filter>저장</Filter>
    </ClInclude>
    <ClInclude Include="include\pynote\core\storage\migrations\v0008_horizontal_split_reset.h">
      <Filter>저장</Filter>
    </ClInclude>
    <ClInclude Include="include\pynote\core\storage\migrations\v0009_preview_lines_default.h">
      <Filter>저장</Filter>
    </ClInclude>
  </ItemGroup>
  <ItemGroup>
    <ClCompile Include="src\text\utf16_offset.cpp">
      <Filter>텍스트</Filter>
    </ClCompile>
    <ClCompile Include="src\domain\events.cpp">
      <Filter>도메인</Filter>
    </ClCompile>
    <ClCompile Include="src\domain\models.cpp">
      <Filter>도메인</Filter>
    </ClCompile>
    <ClCompile Include="src\domain\date_time_formatter.cpp">
      <Filter>도메인</Filter>
    </ClCompile>
    <ClCompile Include="src\domain\time_zone_resolver.cpp"><Filter>도메인</Filter></ClCompile>
    <ClCompile Include="src\domain\bundled_tzdata_2026c.cpp"><Filter>도메인</Filter></ClCompile>
    <ClCompile Include="src\domain\paragraph_parser.cpp">
      <Filter>도메인</Filter>
    </ClCompile>
    <ClCompile Include="src\domain\diffing.cpp">
      <Filter>도메인</Filter>
    </ClCompile>
    <ClCompile Include="src\domain\card_list_projection.cpp">
      <Filter>도메인</Filter>
    </ClCompile>
    <ClCompile Include="src\domain\card_drag_session_registry.cpp">
      <Filter>도메인</Filter>
    </ClCompile>
    <ClCompile Include="src\domain\card_wheel_browse.cpp">
      <Filter>도메인</Filter>
    </ClCompile>
    <ClCompile Include="src\application\card_service.cpp">
      <Filter>응용</Filter>
    </ClCompile>
    <ClCompile Include="src\application\import_pipeline.cpp">
      <Filter>응용</Filter>
    </ClCompile>
    <ClCompile Include="src\application\export.cpp">
      <Filter>응용</Filter>
    </ClCompile>
    <ClCompile Include="src\application\drop_import_plan.cpp">
      <Filter>응용</Filter>
    </ClCompile>
    <ClCompile Include="src\application\drop_import_completion.cpp">
      <Filter>응용</Filter>
    </ClCompile>
    <ClCompile Include="src\application\first_input_capture.cpp">
      <Filter>응용</Filter>
    </ClCompile>
    <ClCompile Include="src\application\workspace_state.cpp">
      <Filter>응용</Filter>
    </ClCompile>
    <ClCompile Include="src\application\search_result_plan.cpp">
      <Filter>응용</Filter>
    </ClCompile>
    <ClCompile Include="src\application\draft_coordinator.cpp">
      <Filter>응용</Filter>
    </ClCompile>
    <ClCompile Include="..\third_party\cctz\src\civil_time_detail.cc"><Filter>third_party</Filter></ClCompile>
    <ClCompile Include="..\third_party\cctz\src\time_zone_fixed.cc"><Filter>third_party</Filter></ClCompile>
    <ClCompile Include="..\third_party\cctz\src\time_zone_format.cc"><Filter>third_party</Filter></ClCompile>
    <ClCompile Include="..\third_party\cctz\src\time_zone_if.cc"><Filter>third_party</Filter></ClCompile>
    <ClCompile Include="..\third_party\cctz\src\time_zone_impl.cc"><Filter>third_party</Filter></ClCompile>
    <ClCompile Include="..\third_party\cctz\src\time_zone_info.cc"><Filter>third_party</Filter></ClCompile>
    <ClCompile Include="..\third_party\cctz\src\time_zone_libc.cc"><Filter>third_party</Filter></ClCompile>
    <ClCompile Include="..\third_party\cctz\src\time_zone_lookup.cc"><Filter>third_party</Filter></ClCompile>
    <ClCompile Include="..\third_party\cctz\src\time_zone_posix.cc"><Filter>third_party</Filter></ClCompile>
    <ClCompile Include="..\third_party\cctz\src\zone_info_source.cc"><Filter>third_party</Filter></ClCompile>
    <ClCompile Include="src\storage\database.cpp">
      <Filter>저장</Filter>
    </ClCompile>
    <ClCompile Include="src\storage\repositories.cpp">
      <Filter>저장</Filter>
    </ClCompile>
    <ClCompile Include="src\storage\backup.cpp">
      <Filter>저장</Filter>
    </ClCompile>
    <ClCompile Include="src\storage\migration_runner.cpp">
      <Filter>저장</Filter>
    </ClCompile>
    <ClCompile Include="src\storage\migrations\registry.cpp">
      <Filter>저장</Filter>
    </ClCompile>
    <ClCompile Include="src\storage\migrations\v0001_initial.cpp">
      <Filter>저장</Filter>
    </ClCompile>
    <ClCompile Include="src\storage\migrations\v0002_data_policy_settings.cpp">
      <Filter>저장</Filter>
    </ClCompile>
    <ClCompile Include="src\storage\migrations\v0003_storage_invariants.cpp">
      <Filter>저장</Filter>
    </ClCompile>
    <ClCompile Include="src\storage\migrations\v0004_workspace_windows.cpp">
      <Filter>저장</Filter>
    </ClCompile>
    <ClCompile Include="src\storage\migrations\v0005_recency_sort_mode.cpp">
      <Filter>저장</Filter>
    </ClCompile>
    <ClCompile Include="src\storage\migrations\v0006_editor_split_sizes.cpp">
      <Filter>저장</Filter>
    </ClCompile>
    <ClCompile Include="src\storage\migrations\v0007_vertical_split_reset.cpp">
      <Filter>저장</Filter>
    </ClCompile>
    <ClCompile Include="src\storage\migrations\v0008_horizontal_split_reset.cpp">
      <Filter>저장</Filter>
    </ClCompile>
    <ClCompile Include="src\storage\migrations\v0009_preview_lines_default.cpp">
      <Filter>저장</Filter>
    </ClCompile>
  </ItemGroup>
</Project>
